
Microsoft Visual Studio Solution File, Format Version 12.00
# Visual Studio Version 17
VisualStudioVersion = 17.13.35931.197
MinimumVisualStudioVersion = 10.0.40219.1
Project("{FAE04EC0-301F-11D3-BF4B-00C04F79EFBC}") = "Wishstar", "Wishstar\Wishstar.csproj", "{D811E945-5CAE-483B-B9F9-17FB706E491B}"
EndProject
Global
	GlobalSection(SolutionConfigurationPlatforms) = preSolution
		Debug|Any CPU = Debug|Any CPU
		Release|Any CPU = Release|Any CPU
	EndGlobalSection
	GlobalSection(ProjectConfigurationPlatforms) = postSolution
		{D811E945-5CAE-483B-B9F9-17FB706E491B}.Debug|Any CPU.ActiveCfg = Debug|Any CPU
		{D811E945-5CAE-483B-B9F9-17FB706E491B}.Debug|Any CPU.Build.0 = Debug|Any CPU
		{D811E945-5CAE-483B-B9F9-17FB706E491B}.Release|Any CPU.ActiveCfg = Release|Any CPU
		{D811E945-5CAE-483B-B9F9-17FB706E491B}.Release|Any CPU.Build.0 = Release|Any CPU
	EndGlobalSection
	GlobalSection(SolutionProperties) = preSolution
		HideSolutionNode = FALSE
	EndGlobalSection
	GlobalSection(ExtensibilityGlobals) = postSolution
		SolutionGuid = {92B5A593-4AA7-4B6F-9BB3-2FAFDD54C33C}
	EndGlobalSection
EndGlobal
